
Microsoft Visual Studio Solution File, Format Version 12.00
# Visual Studio Version 16
VisualStudioVersion = 16.0.30503.244
MinimumVisualStudioVersion = 10.0.40219.1
Project("{8BC9CEB8-8B4A-11D0-8D11-00A0C91BC942}") = "Exo1", "Exo1\Exo1.vcxproj", "{4281B4F4-5741-4774-B23C-F6F518576C21}"
EndProject
Project("{8BC9CEB8-8B4A-11D0-8D11-00A0C91BC942}") = "Exo2", "Exo2\Exo2.vcxproj", "{11BB9CE4-A86C-4E1B-9D4C-85EC30F28064}"
EndProject
Project("{8BC9CEB8-8B4A-11D0-8D11-00A0C91BC942}") = "Exo3.1", "Exo3.1\Exo3.1.vcxproj", "{2B5D621D-B170-4C73-8520-2DFBB81A2375}"
EndProject
Project("{8BC9CEB8-8B4A-11D0-8D11-00A0C91BC942}") = "Exo3.2", "Exo3.2\Exo3.2.vcxproj", "{E2938C7E-A45C-4FB6-A727-EF97B57167CE}"
EndProject
Global
	GlobalSection(SolutionConfigurationPlatforms) = preSolution
		Debug|x64 = Debug|x64
		Debug|x86 = Debug|x86
		Release|x64 = Release|x64
		Release|x86 = Release|x86
	EndGlobalSection
	GlobalSection(ProjectConfigurationPlatforms) = postSolution
		{4281B4F4-5741-4774-B23C-F6F518576C21}.Debug|x64.ActiveCfg = Debug|x64
		{4281B4F4-5741-4774-B23C-F6F518576C21}.Debug|x64.Build.0 = Debug|x64
		{4281B4F4-5741-4774-B23C-F6F518576C21}.Debug|x86.ActiveCfg = Debug|Win32
		{4281B4F4-5741-4774-B23C-F6F518576C21}.Debug|x86.Build.0 = Debug|Win32
		{4281B4F4-5741-4774-B23C-F6F518576C21}.Release|x64.ActiveCfg = Release|x64
		{4281B4F4-5741-4774-B23C-F6F518576C21}.Release|x64.Build.0 = Release|x64
		{4281B4F4-5741-4774-B23C-F6F518576C21}.Release|x86.ActiveCfg = Release|Win32
		{4281B4F4-5741-4774-B23C-F6F518576C21}.Release|x86.Build.0 = Release|Win32
		{11BB9CE4-A86C-4E1B-9D4C-85EC30F28064}.Debug|x64.ActiveCfg = Debug|x64
		{11BB9CE4-A86C-4E1B-9D4C-85EC30F28064}.Debug|x64.Build.0 = Debug|x64
		{11BB9CE4-A86C-4E1B-9D4C-85EC30F28064}.Debug|x86.ActiveCfg = Debug|Win32
		{11BB9CE4-A86C-4E1B-9D4C-85EC30F28064}.Debug|x86.Build.0 = Debug|Win32
		{11BB9CE4-A86C-4E1B-9D4C-85EC30F28064}.Release|x64.ActiveCfg = Release|x64
		{11BB9CE4-A86C-4E1B-9D4C-85EC30F28064}.Release|x64.Build.0 = Release|x64
		{11BB9CE4-A86C-4E1B-9D4C-85EC30F28064}.Release|x86.ActiveCfg = Release|Win32
		{11BB9CE4-A86C-4E1B-9D4C-85EC30F28064}.Release|x86.Build.0 = Release|Win32
		{2B5D621D-B170-4C73-8520-2DFBB81A2375}.Debug|x64.ActiveCfg = Debug|x64
		{2B5D621D-B170-4C73-8520-2DFBB81A2375}.Debug|x64.Build.0 = Debug|x64
		{2B5D621D-B170-4C73-8520-2DFBB81A2375}.Debug|x86.ActiveCfg = Debug|Win32
		{2B5D621D-B170-4C73-8520-2DFBB81A2375}.Debug|x86.Build.0 = Debug|Win32
		{2B5D621D-B170-4C73-8520-2DFBB81A2375}.Release|x64.ActiveCfg = Release|x64
		{2B5D621D-B170-4C73-8520-2DFBB81A2375}.Release|x64.Build.0 = Release|x64
		{2B5D621D-B170-4C73-8520-2DFBB81A2375}.Release|x86.ActiveCfg = Release|Win32
		{2B5D621D-B170-4C73-8520-2DFBB81A2375}.Release|x86.Build.0 = Release|Win32
		{E2938C7E-A45C-4FB6-A727-EF97B57167CE}.Debug|x64.ActiveCfg = Debug|x64
		{E2938C7E-A45C-4FB6-A727-EF97B57167CE}.Debug|x64.Build.0 = Debug|x64
		{E2938C7E-A45C-4FB6-A727-EF97B57167CE}.Debug|x86.ActiveCfg = Debug|Win32
		{E2938C7E-A45C-4FB6-A727-EF97B57167CE}.Debug|x86.Build.0 = Debug|Win32
		{E2938C7E-A45C-4FB6-A727-EF97B57167CE}.Release|x64.ActiveCfg = Release|x64
		{E2938C7E-A45C-4FB6-A727-EF97B57167CE}.Release|x64.Build.0 = Release|x64
		{E2938C7E-A45C-4FB6-A727-EF97B57167CE}.Release|x86.ActiveCfg = Release|Win32
		{E2938C7E-A45C-4FB6-A727-EF97B57167CE}.Release|x86.Build.0 = Release|Win32
	EndGlobalSection
	GlobalSection(SolutionProperties) = preSolution
		HideSolutionNode = FALSE
	EndGlobalSection
	GlobalSection(ExtensibilityGlobals) = postSolution
		SolutionGuid = {A8D11B88-7281-4CA5-B2B9-4489A72CE002}
	EndGlobalSection
EndGlobal
