
Microsoft Visual Studio Solution File, Format Version 12.00
# Visual Studio Version 16
VisualStudioVersion = 16.0.30503.244
MinimumVisualStudioVersion = 10.0.40219.1
Project("{8BC9CEB8-8B4A-11D0-8D11-00A0C91BC942}") = "Exo1", "Exo1\Exo1.vcxproj", "{F3C1DE62-CA79-49AA-9401-A1E5A57B2906}"
EndProject
Project("{8BC9CEB8-8B4A-11D0-8D11-00A0C91BC942}") = "Exo2", "Exo2\Exo2.vcxproj", "{A043FF6E-09D2-471A-A049-40D3FE2BB836}"
EndProject
Project("{8BC9CEB8-8B4A-11D0-8D11-00A0C91BC942}") = "Exo3", "Exo3\Exo3.vcxproj", "{A265C582-AD6A-41FC-A5BD-7D3F38CF0D54}"
EndProject
Project("{8BC9CEB8-8B4A-11D0-8D11-00A0C91BC942}") = "Exo4", "Exo4\Exo4.vcxproj", "{F429896C-A702-44F4-91FB-E36179747BB8}"
EndProject
Global
	GlobalSection(SolutionConfigurationPlatforms) = preSolution
		Debug|x64 = Debug|x64
		Debug|x86 = Debug|x86
		Release|x64 = Release|x64
		Release|x86 = Release|x86
	EndGlobalSection
	GlobalSection(ProjectConfigurationPlatforms) = postSolution
		{F3C1DE62-CA79-49AA-9401-A1E5A57B2906}.Debug|x64.ActiveCfg = Debug|x64
		{F3C1DE62-CA79-49AA-9401-A1E5A57B2906}.Debug|x64.Build.0 = Debug|x64
		{F3C1DE62-CA79-49AA-9401-A1E5A57B2906}.Debug|x86.ActiveCfg = Debug|Win32
		{F3C1DE62-CA79-49AA-9401-A1E5A57B2906}.Debug|x86.Build.0 = Debug|Win32
		{F3C1DE62-CA79-49AA-9401-A1E5A57B2906}.Release|x64.ActiveCfg = Release|x64
		{F3C1DE62-CA79-49AA-9401-A1E5A57B2906}.Release|x64.Build.0 = Release|x64
		{F3C1DE62-CA79-49AA-9401-A1E5A57B2906}.Release|x86.ActiveCfg = Release|Win32
		{F3C1DE62-CA79-49AA-9401-A1E5A57B2906}.Release|x86.Build.0 = Release|Win32
		{A043FF6E-09D2-471A-A049-40D3FE2BB836}.Debug|x64.ActiveCfg = Debug|x64
		{A043FF6E-09D2-471A-A049-40D3FE2BB836}.Debug|x64.Build.0 = Debug|x64
		{A043FF6E-09D2-471A-A049-40D3FE2BB836}.Debug|x86.ActiveCfg = Debug|Win32
		{A043FF6E-09D2-471A-A049-40D3FE2BB836}.Debug|x86.Build.0 = Debug|Win32
		{A043FF6E-09D2-471A-A049-40D3FE2BB836}.Release|x64.ActiveCfg = Release|x64
		{A043FF6E-09D2-471A-A049-40D3FE2BB836}.Release|x64.Build.0 = Release|x64
		{A043FF6E-09D2-471A-A049-40D3FE2BB836}.Release|x86.ActiveCfg = Release|Win32
		{A043FF6E-09D2-471A-A049-40D3FE2BB836}.Release|x86.Build.0 = Release|Win32
		{A265C582-AD6A-41FC-A5BD-7D3F38CF0D54}.Debug|x64.ActiveCfg = Debug|x64
		{A265C582-AD6A-41FC-A5BD-7D3F38CF0D54}.Debug|x64.Build.0 = Debug|x64
		{A265C582-AD6A-41FC-A5BD-7D3F38CF0D54}.Debug|x86.ActiveCfg = Debug|Win32
		{A265C582-AD6A-41FC-A5BD-7D3F38CF0D54}.Debug|x86.Build.0 = Debug|Win32
		{A265C582-AD6A-41FC-A5BD-7D3F38CF0D54}.Release|x64.ActiveCfg = Release|x64
		{A265C582-AD6A-41FC-A5BD-7D3F38CF0D54}.Release|x64.Build.0 = Release|x64
		{A265C582-AD6A-41FC-A5BD-7D3F38CF0D54}.Release|x86.ActiveCfg = Release|Win32
		{A265C582-AD6A-41FC-A5BD-7D3F38CF0D54}.Release|x86.Build.0 = Release|Win32
		{F429896C-A702-44F4-91FB-E36179747BB8}.Debug|x64.ActiveCfg = Debug|x64
		{F429896C-A702-44F4-91FB-E36179747BB8}.Debug|x64.Build.0 = Debug|x64
		{F429896C-A702-44F4-91FB-E36179747BB8}.Debug|x86.ActiveCfg = Debug|Win32
		{F429896C-A702-44F4-91FB-E36179747BB8}.Debug|x86.Build.0 = Debug|Win32
		{F429896C-A702-44F4-91FB-E36179747BB8}.Release|x64.ActiveCfg = Release|x64
		{F429896C-A702-44F4-91FB-E36179747BB8}.Release|x64.Build.0 = Release|x64
		{F429896C-A702-44F4-91FB-E36179747BB8}.Release|x86.ActiveCfg = Release|Win32
		{F429896C-A702-44F4-91FB-E36179747BB8}.Release|x86.Build.0 = Release|Win32
	EndGlobalSection
	GlobalSection(SolutionProperties) = preSolution
		HideSolutionNode = FALSE
	EndGlobalSection
	GlobalSection(ExtensibilityGlobals) = postSolution
		SolutionGuid = {8EB38FE1-E41D-4C3B-89C5-9212F63E0DED}
	EndGlobalSection
EndGlobal
